
Microsoft Visual Studio Solution File, Format Version 12.00
# Visual Studio 14
VisualStudioVersion = 14.0.25420.1
MinimumVisualStudioVersion = 10.0.40219.1
Project("{FAE04EC0-301F-11D3-BF4B-00C04F79EFBC}") = "OpenMaths", "OpenMaths\OpenMaths.csproj", "{C9246F23-4403-4E21-8DCF-B054FA24A9D6}"
EndProject
Project("{FAE04EC0-301F-11D3-BF4B-00C04F79EFBC}") = "TestOpenMaths", "TestOpenMaths\TestOpenMaths.csproj", "{45BFF511-9CF3-4EE1-8D21-28465BB66CC7}"
EndProject
Global
	GlobalSection(SolutionConfigurationPlatforms) = preSolution
		Debug|Any CPU = Debug|Any CPU
		Release|Any CPU = Release|Any CPU
	EndGlobalSection
	GlobalSection(ProjectConfigurationPlatforms) = postSolution
		{C9246F23-4403-4E21-8DCF-B054FA24A9D6}.Debug|Any CPU.ActiveCfg = Debug|Any CPU
		{C9246F23-4403-4E21-8DCF-B054FA24A9D6}.Debug|Any CPU.Build.0 = Debug|Any CPU
		{C9246F23-4403-4E21-8DCF-B054FA24A9D6}.Release|Any CPU.ActiveCfg = Release|Any CPU
		{C9246F23-4403-4E21-8DCF-B054FA24A9D6}.Release|Any CPU.Build.0 = Release|Any CPU
		{45BFF511-9CF3-4EE1-8D21-28465BB66CC7}.Debug|Any CPU.ActiveCfg = Debug|Any CPU
		{45BFF511-9CF3-4EE1-8D21-28465BB66CC7}.Debug|Any CPU.Build.0 = Debug|Any CPU
		{45BFF511-9CF3-4EE1-8D21-28465BB66CC7}.Release|Any CPU.ActiveCfg = Release|Any CPU
		{45BFF511-9CF3-4EE1-8D21-28465BB66CC7}.Release|Any CPU.Build.0 = Release|Any CPU
	EndGlobalSection
	GlobalSection(SolutionProperties) = preSolution
		HideSolutionNode = FALSE
	EndGlobalSection
EndGlobal
